
Microsoft Visual Studio Solution File, Format Version 12.00
# Visual Studio Version 18
VisualStudioVersion = 18.7.11903.348
MinimumVisualStudioVersion = 10.0.40219.1
Project("{00D1A9C2-B5F0-4AF3-8072-F6C62B433612}") = "SMDatabase", "SMDatabase\SMDatabase.sqlproj", "{D1A3D78B-7C53-46D6-9079-20FF94A9B15D}"
EndProject
Project("{9A19103F-16F7-4668-BE54-9A1E7A4F7556}") = "SMDesktopUI", "SMDesktopUI\SMDesktopUI.csproj", "{35F1C59E-03F3-49DA-ACDB-71AEB8AB4F6D}"
EndProject
Project("{9A19103F-16F7-4668-BE54-9A1E7A4F7556}") = "SMDataManager.Library", "SMDataManager.Library\SMDataManager.Library.csproj", "{5D590FDA-A5D7-471E-94BB-308FE5DFE843}"
EndProject
Project("{9A19103F-16F7-4668-BE54-9A1E7A4F7556}") = "SMDesktopUI.Library", "SMDesktopUI.Library\SMDesktopUI.Library.csproj", "{D930B2DF-3E32-48EE-BC64-C92366E63786}"
EndProject
Project("{2150E333-8FDC-42A3-9474-1A3956D46DE8}") = "Database", "Database", "{79DB703C-3E2A-447A-9496-90727697A181}"
EndProject
Project("{2150E333-8FDC-42A3-9474-1A3956D46DE8}") = "API", "API", "{8E201F49-5943-4BB9-BC0E-DF3A4F03C7C8}"
EndProject
Project("{2150E333-8FDC-42A3-9474-1A3956D46DE8}") = "WPF UI", "WPF UI", "{2AADFD5D-87B6-4200-AEF4-7142BC0E1504}"
EndProject
Project("{2150E333-8FDC-42A3-9474-1A3956D46DE8}") = "Admin UI", "Admin UI", "{377B4E04-F0F9-455F-9179-8DEE793D0ABC}"
EndProject
Project("{9A19103F-16F7-4668-BE54-9A1E7A4F7556}") = "SMPortal", "SMPortal\SMPortal.csproj", "{B8E24E39-5C05-42FD-8151-1936CCA54136}"
EndProject
Project("{9A19103F-16F7-4668-BE54-9A1E7A4F7556}") = "StockApi", "StockApi\StockApi.csproj", "{9D8B23F3-BE64-4ECA-A05B-0C7E683D5B5C}"
EndProject
Project("{FAE04EC0-301F-11D3-BF4B-00C04F79EFBC}") = "StockManager.AppHost", "StockManager.AppHost\StockManager.AppHost.csproj", "{33192D43-D3A5-4B4E-43AE-DADFBF767058}"
EndProject
Project("{FAE04EC0-301F-11D3-BF4B-00C04F79EFBC}") = "StockManager.ServiceDefaults", "StockManager.ServiceDefaults\StockManager.ServiceDefaults.csproj", "{DECCD958-3837-AAA6-2D21-EB16C1A71DF8}"
EndProject
Project("{FAE04EC0-301F-11D3-BF4B-00C04F79EFBC}") = "SMDesktopUI.UITests", "SMDesktopUI.UITests\SMDesktopUI.UITests.csproj", "{B2DD3BF1-8FFC-408E-9C50-6B88090184FE}"
EndProject
Project("{2150E333-8FDC-42A3-9474-1A3956D46DE8}") = "Aspire App Host", "Aspire App Host", "{B760A6BF-8AAD-41F7-A70D-92E4961EB075}"
EndProject
Project("{FAE04EC0-301F-11D3-BF4B-00C04F79EFBC}") = "SMStore", "SMStore\SMStore.csproj", "{EAD50277-D001-F583-45E2-8A69E9563A6D}"
EndProject
Project("{2150E333-8FDC-42A3-9474-1A3956D46DE8}") = "Store Front UI", "Store Front UI", "{A29E9767-1F8B-4C07-8555-8223A7A53093}"
EndProject
Project("{FAE04EC0-301F-11D3-BF4B-00C04F79EFBC}") = "SMDataManager.Library.Tests", "SMDataManager.Library.Tests\SMDataManager.Library.Tests.csproj", "{F0CFFE76-A1C4-4642-8591-37D4FEBDC357}"
EndProject
Project("{FAE04EC0-301F-11D3-BF4B-00C04F79EFBC}") = "SMStore.Tests", "SMStore.Tests\SMStore.Tests.csproj", "{FECD625E-9CFA-495F-8A17-F07A936E23F2}"
EndProject
Project("{FAE04EC0-301F-11D3-BF4B-00C04F79EFBC}") = "StockManager.Identity", "StockManager.Identity\StockManager.Identity.csproj", "{11519195-5433-4DA8-AA91-0F4AB3C899C8}"
EndProject
Project("{FAE04EC0-301F-11D3-BF4B-00C04F79EFBC}") = "StockApi.Tests", "StockApi.Tests\StockApi.Tests.csproj", "{817F2BEA-B7BC-45CC-BB6F-823C2FFE08AB}"
EndProject
Project("{FAE04EC0-301F-11D3-BF4B-00C04F79EFBC}") = "StockManager.E2ETests", "StockManager.E2ETests\StockManager.E2ETests.csproj", "{648C6789-43AA-40C8-8195-6CD97C32DBCA}"
EndProject
Global
	GlobalSection(SolutionConfigurationPlatforms) = preSolution
		Debug|Any CPU = Debug|Any CPU
		Debug|x64 = Debug|x64
		Debug|x86 = Debug|x86
		Release|Any CPU = Release|Any CPU
		Release|x64 = Release|x64
		Release|x86 = Release|x86
	EndGlobalSection
	GlobalSection(ProjectConfigurationPlatforms) = postSolution
		{D1A3D78B-7C53-46D6-9079-20FF94A9B15D}.Debug|Any CPU.ActiveCfg = Debug|Any CPU
		{D1A3D78B-7C53-46D6-9079-20FF94A9B15D}.Debug|Any CPU.Build.0 = Debug|Any CPU
		{D1A3D78B-7C53-46D6-9079-20FF94A9B15D}.Debug|Any CPU.Deploy.0 = Debug|Any CPU
		{D1A3D78B-7C53-46D6-9079-20FF94A9B15D}.Debug|x64.ActiveCfg = Debug|x64
		{D1A3D78B-7C53-46D6-9079-20FF94A9B15D}.Debug|x86.ActiveCfg = Debug|x86
		{D1A3D78B-7C53-46D6-9079-20FF94A9B15D}.Release|Any CPU.ActiveCfg = Release|Any CPU
		{D1A3D78B-7C53-46D6-9079-20FF94A9B15D}.Release|Any CPU.Build.0 = Release|Any CPU
		{D1A3D78B-7C53-46D6-9079-20FF94A9B15D}.Release|Any CPU.Deploy.0 = Release|Any CPU
		{D1A3D78B-7C53-46D6-9079-20FF94A9B15D}.Release|x64.ActiveCfg = Release|x64
		{D1A3D78B-7C53-46D6-9079-20FF94A9B15D}.Release|x86.ActiveCfg = Release|x86
		{35F1C59E-03F3-49DA-ACDB-71AEB8AB4F6D}.Debug|Any CPU.ActiveCfg = Debug|Any CPU
		{35F1C59E-03F3-49DA-ACDB-71AEB8AB4F6D}.Debug|Any CPU.Build.0 = Debug|Any CPU
		{35F1C59E-03F3-49DA-ACDB-71AEB8AB4F6D}.Debug|x64.ActiveCfg = Debug|Any CPU
		{35F1C59E-03F3-49DA-ACDB-71AEB8AB4F6D}.Debug|x64.Build.0 = Debug|Any CPU
		{35F1C59E-03F3-49DA-ACDB-71AEB8AB4F6D}.Debug|x86.ActiveCfg = Debug|Any CPU
		{35F1C59E-03F3-49DA-ACDB-71AEB8AB4F6D}.Debug|x86.Build.0 = Debug|Any CPU
		{35F1C59E-03F3-49DA-ACDB-71AEB8AB4F6D}.Release|Any CPU.ActiveCfg = Release|Any CPU
		{35F1C59E-03F3-49DA-ACDB-71AEB8AB4F6D}.Release|Any CPU.Build.0 = Release|Any CPU
		{35F1C59E-03F3-49DA-ACDB-71AEB8AB4F6D}.Release|x64.ActiveCfg = Release|Any CPU
		{35F1C59E-03F3-49DA-ACDB-71AEB8AB4F6D}.Release|x64.Build.0 = Release|Any CPU
		{35F1C59E-03F3-49DA-ACDB-71AEB8AB4F6D}.Release|x86.ActiveCfg = Release|Any CPU
		{35F1C59E-03F3-49DA-ACDB-71AEB8AB4F6D}.Release|x86.Build.0 = Release|Any CPU
		{5D590FDA-A5D7-471E-94BB-308FE5DFE843}.Debug|Any CPU.ActiveCfg = Debug|Any CPU
		{5D590FDA-A5D7-471E-94BB-308FE5DFE843}.Debug|Any CPU.Build.0 = Debug|Any CPU
		{5D590FDA-A5D7-471E-94BB-308FE5DFE843}.Debug|x64.ActiveCfg = Debug|Any CPU
		{5D590FDA-A5D7-471E-94BB-308FE5DFE843}.Debug|x64.Build.0 = Debug|Any CPU
		{5D590FDA-A5D7-471E-94BB-308FE5DFE843}.Debug|x86.ActiveCfg = Debug|Any CPU
		{5D590FDA-A5D7-471E-94BB-308FE5DFE843}.Debug|x86.Build.0 = Debug|Any CPU
		{5D590FDA-A5D7-471E-94BB-308FE5DFE843}.Release|Any CPU.ActiveCfg = Release|Any CPU
		{5D590FDA-A5D7-471E-94BB-308FE5DFE843}.Release|Any CPU.Build.0 = Release|Any CPU
		{5D590FDA-A5D7-471E-94BB-308FE5DFE843}.Release|x64.ActiveCfg = Release|Any CPU
		{5D590FDA-A5D7-471E-94BB-308FE5DFE843}.Release|x64.Build.0 = Release|Any CPU
		{5D590FDA-A5D7-471E-94BB-308FE5DFE843}.Release|x86.ActiveCfg = Release|Any CPU
		{5D590FDA-A5D7-471E-94BB-308FE5DFE843}.Release|x86.Build.0 = Release|Any CPU
		{D930B2DF-3E32-48EE-BC64-C92366E63786}.Debug|Any CPU.ActiveCfg = Debug|Any CPU
		{D930B2DF-3E32-48EE-BC64-C92366E63786}.Debug|Any CPU.Build.0 = Debug|Any CPU
		{D930B2DF-3E32-48EE-BC64-C92366E63786}.Debug|x64.ActiveCfg = Debug|Any CPU
		{D930B2DF-3E32-48EE-BC64-C92366E63786}.Debug|x64.Build.0 = Debug|Any CPU
		{D930B2DF-3E32-48EE-BC64-C92366E63786}.Debug|x86.ActiveCfg = Debug|Any CPU
		{D930B2DF-3E32-48EE-BC64-C92366E63786}.Debug|x86.Build.0 = Debug|Any CPU
		{D930B2DF-3E32-48EE-BC64-C92366E63786}.Release|Any CPU.ActiveCfg = Release|Any CPU
		{D930B2DF-3E32-48EE-BC64-C92366E63786}.Release|Any CPU.Build.0 = Release|Any CPU
		{D930B2DF-3E32-48EE-BC64-C92366E63786}.Release|x64.ActiveCfg = Release|Any CPU
		{D930B2DF-3E32-48EE-BC64-C92366E63786}.Release|x64.Build.0 = Release|Any CPU
		{D930B2DF-3E32-48EE-BC64-C92366E63786}.Release|x86.ActiveCfg = Release|Any CPU
		{D930B2DF-3E32-48EE-BC64-C92366E63786}.Release|x86.Build.0 = Release|Any CPU
		{B8E24E39-5C05-42FD-8151-1936CCA54136}.Debug|Any CPU.ActiveCfg = Debug|Any CPU
		{B8E24E39-5C05-42FD-8151-1936CCA54136}.Debug|Any CPU.Build.0 = Debug|Any CPU
		{B8E24E39-5C05-42FD-8151-1936CCA54136}.Debug|x64.ActiveCfg = Debug|Any CPU
		{B8E24E39-5C05-42FD-8151-1936CCA54136}.Debug|x64.Build.0 = Debug|Any CPU
		{B8E24E39-5C05-42FD-8151-1936CCA54136}.Debug|x86.ActiveCfg = Debug|Any CPU
		{B8E24E39-5C05-42FD-8151-1936CCA54136}.Debug|x86.Build.0 = Debug|Any CPU
		{B8E24E39-5C05-42FD-8151-1936CCA54136}.Release|Any CPU.ActiveCfg = Release|Any CPU
		{B8E24E39-5C05-42FD-8151-1936CCA54136}.Release|Any CPU.Build.0 = Release|Any CPU
		{B8E24E39-5C05-42FD-8151-1936CCA54136}.Release|x64.ActiveCfg = Release|Any CPU
		{B8E24E39-5C05-42FD-8151-1936CCA54136}.Release|x64.Build.0 = Release|Any CPU
		{B8E24E39-5C05-42FD-8151-1936CCA54136}.Release|x86.ActiveCfg = Release|Any CPU
		{B8E24E39-5C05-42FD-8151-1936CCA54136}.Release|x86.Build.0 = Release|Any CPU
		{9D8B23F3-BE64-4ECA-A05B-0C7E683D5B5C}.Debug|Any CPU.ActiveCfg = Debug|Any CPU
		{9D8B23F3-BE64-4ECA-A05B-0C7E683D5B5C}.Debug|Any CPU.Build.0 = Debug|Any CPU
		{9D8B23F3-BE64-4ECA-A05B-0C7E683D5B5C}.Debug|x64.ActiveCfg = Debug|Any CPU
		{9D8B23F3-BE64-4ECA-A05B-0C7E683D5B5C}.Debug|x64.Build.0 = Debug|Any CPU
		{9D8B23F3-BE64-4ECA-A05B-0C7E683D5B5C}.Debug|x86.ActiveCfg = Debug|Any CPU
		{9D8B23F3-BE64-4ECA-A05B-0C7E683D5B5C}.Debug|x86.Build.0 = Debug|Any CPU
		{9D8B23F3-BE64-4ECA-A05B-0C7E683D5B5C}.Release|Any CPU.ActiveCfg = Release|Any CPU
		{9D8B23F3-BE64-4ECA-A05B-0C7E683D5B5C}.Release|Any CPU.Build.0 = Release|Any CPU
		{9D8B23F3-BE64-4ECA-A05B-0C7E683D5B5C}.Release|x64.ActiveCfg = Release|Any CPU
		{9D8B23F3-BE64-4ECA-A05B-0C7E683D5B5C}.Release|x64.Build.0 = Release|Any CPU
		{9D8B23F3-BE64-4ECA-A05B-0C7E683D5B5C}.Release|x86.ActiveCfg = Release|Any CPU
		{9D8B23F3-BE64-4ECA-A05B-0C7E683D5B5C}.Release|x86.Build.0 = Release|Any CPU
		{33192D43-D3A5-4B4E-43AE-DADFBF767058}.Debug|Any CPU.ActiveCfg = Debug|Any CPU
		{33192D43-D3A5-4B4E-43AE-DADFBF767058}.Debug|Any CPU.Build.0 = Debug|Any CPU
		{33192D43-D3A5-4B4E-43AE-DADFBF767058}.Debug|x64.ActiveCfg = Debug|Any CPU
		{33192D43-D3A5-4B4E-43AE-DADFBF767058}.Debug|x64.Build.0 = Debug|Any CPU
		{33192D43-D3A5-4B4E-43AE-DADFBF767058}.Debug|x86.ActiveCfg = Debug|Any CPU
		{33192D43-D3A5-4B4E-43AE-DADFBF767058}.Debug|x86.Build.0 = Debug|Any CPU
		{33192D43-D3A5-4B4E-43AE-DADFBF767058}.Release|Any CPU.ActiveCfg = Release|Any CPU
		{33192D43-D3A5-4B4E-43AE-DADFBF767058}.Release|Any CPU.Build.0 = Release|Any CPU
		{33192D43-D3A5-4B4E-43AE-DADFBF767058}.Release|x64.ActiveCfg = Release|Any CPU
		{33192D43-D3A5-4B4E-43AE-DADFBF767058}.Release|x64.Build.0 = Release|Any CPU
		{33192D43-D3A5-4B4E-43AE-DADFBF767058}.Release|x86.ActiveCfg = Release|Any CPU
		{33192D43-D3A5-4B4E-43AE-DADFBF767058}.Release|x86.Build.0 = Release|Any CPU
		{DECCD958-3837-AAA6-2D21-EB16C1A71DF8}.Debug|Any CPU.ActiveCfg = Debug|Any CPU
		{DECCD958-3837-AAA6-2D21-EB16C1A71DF8}.Debug|Any CPU.Build.0 = Debug|Any CPU
		{DECCD958-3837-AAA6-2D21-EB16C1A71DF8}.Debug|x64.ActiveCfg = Debug|Any CPU
		{DECCD958-3837-AAA6-2D21-EB16C1A71DF8}.Debug|x64.Build.0 = Debug|Any CPU
		{DECCD958-3837-AAA6-2D21-EB16C1A71DF8}.Debug|x86.ActiveCfg = Debug|Any CPU
		{DECCD958-3837-AAA6-2D21-EB16C1A71DF8}.Debug|x86.Build.0 = Debug|Any CPU
		{DECCD958-3837-AAA6-2D21-EB16C1A71DF8}.Release|Any CPU.ActiveCfg = Release|Any CPU
		{DECCD958-3837-AAA6-2D21-EB16C1A71DF8}.Release|Any CPU.Build.0 = Release|Any CPU
		{DECCD958-3837-AAA6-2D21-EB16C1A71DF8}.Release|x64.ActiveCfg = Release|Any CPU
		{DECCD958-3837-AAA6-2D21-EB16C1A71DF8}.Release|x64.Build.0 = Release|Any CPU
		{DECCD958-3837-AAA6-2D21-EB16C1A71DF8}.Release|x86.ActiveCfg = Release|Any CPU
		{DECCD958-3837-AAA6-2D21-EB16C1A71DF8}.Release|x86.Build.0 = Release|Any CPU
		{B2DD3BF1-8FFC-408E-9C50-6B88090184FE}.Debug|Any CPU.ActiveCfg = Debug|Any CPU
		{B2DD3BF1-8FFC-408E-9C50-6B88090184FE}.Debug|Any CPU.Build.0 = Debug|Any CPU
		{B2DD3BF1-8FFC-408E-9C50-6B88090184FE}.Debug|x64.ActiveCfg = Debug|Any CPU
		{B2DD3BF1-8FFC-408E-9C50-6B88090184FE}.Debug|x64.Build.0 = Debug|Any CPU
		{B2DD3BF1-8FFC-408E-9C50-6B88090184FE}.Debug|x86.ActiveCfg = Debug|Any CPU
		{B2DD3BF1-8FFC-408E-9C50-6B88090184FE}.Debug|x86.Build.0 = Debug|Any CPU
		{B2DD3BF1-8FFC-408E-9C50-6B88090184FE}.Release|Any CPU.ActiveCfg = Release|Any CPU
		{B2DD3BF1-8FFC-408E-9C50-6B88090184FE}.Release|Any CPU.Build.0 = Release|Any CPU
		{B2DD3BF1-8FFC-408E-9C50-6B88090184FE}.Release|x64.ActiveCfg = Release|Any CPU
		{B2DD3BF1-8FFC-408E-9C50-6B88090184FE}.Release|x64.Build.0 = Release|Any CPU
		{B2DD3BF1-8FFC-408E-9C50-6B88090184FE}.Release|x86.ActiveCfg = Release|Any CPU
		{B2DD3BF1-8FFC-408E-9C50-6B88090184FE}.Release|x86.Build.0 = Release|Any CPU
		{EAD50277-D001-F583-45E2-8A69E9563A6D}.Debug|Any CPU.ActiveCfg = Debug|Any CPU
		{EAD50277-D001-F583-45E2-8A69E9563A6D}.Debug|Any CPU.Build.0 = Debug|Any CPU
		{EAD50277-D001-F583-45E2-8A69E9563A6D}.Debug|x64.ActiveCfg = Debug|Any CPU
		{EAD50277-D001-F583-45E2-8A69E9563A6D}.Debug|x64.Build.0 = Debug|Any CPU
		{EAD50277-D001-F583-45E2-8A69E9563A6D}.Debug|x86.ActiveCfg = Debug|Any CPU
		{EAD50277-D001-F583-45E2-8A69E9563A6D}.Debug|x86.Build.0 = Debug|Any CPU
		{EAD50277-D001-F583-45E2-8A69E9563A6D}.Release|Any CPU.ActiveCfg = Release|Any CPU
		{EAD50277-D001-F583-45E2-8A69E9563A6D}.Release|Any CPU.Build.0 = Release|Any CPU
		{EAD50277-D001-F583-45E2-8A69E9563A6D}.Release|x64.ActiveCfg = Release|Any CPU
		{EAD50277-D001-F583-45E2-8A69E9563A6D}.Release|x64.Build.0 = Release|Any CPU
		{EAD50277-D001-F583-45E2-8A69E9563A6D}.Release|x86.ActiveCfg = Release|Any CPU
		{EAD50277-D001-F583-45E2-8A69E9563A6D}.Release|x86.Build.0 = Release|Any CPU
		{F0CFFE76-A1C4-4642-8591-37D4FEBDC357}.Debug|Any CPU.ActiveCfg = Debug|Any CPU
		{F0CFFE76-A1C4-4642-8591-37D4FEBDC357}.Debug|Any CPU.Build.0 = Debug|Any CPU
		{F0CFFE76-A1C4-4642-8591-37D4FEBDC357}.Debug|x64.ActiveCfg = Debug|Any CPU
		{F0CFFE76-A1C4-4642-8591-37D4FEBDC357}.Debug|x64.Build.0 = Debug|Any CPU
		{F0CFFE76-A1C4-4642-8591-37D4FEBDC357}.Debug|x86.ActiveCfg = Debug|Any CPU
		{F0CFFE76-A1C4-4642-8591-37D4FEBDC357}.Debug|x86.Build.0 = Debug|Any CPU
		{F0CFFE76-A1C4-4642-8591-37D4FEBDC357}.Release|Any CPU.ActiveCfg = Release|Any CPU
		{F0CFFE76-A1C4-4642-8591-37D4FEBDC357}.Release|Any CPU.Build.0 = Release|Any CPU
		{F0CFFE76-A1C4-4642-8591-37D4FEBDC357}.Release|x64.ActiveCfg = Release|Any CPU
		{F0CFFE76-A1C4-4642-8591-37D4FEBDC357}.Release|x64.Build.0 = Release|Any CPU
		{F0CFFE76-A1C4-4642-8591-37D4FEBDC357}.Release|x86.ActiveCfg = Release|Any CPU
		{F0CFFE76-A1C4-4642-8591-37D4FEBDC357}.Release|x86.Build.0 = Release|Any CPU
		{FECD625E-9CFA-495F-8A17-F07A936E23F2}.Debug|Any CPU.ActiveCfg = Debug|Any CPU
		{FECD625E-9CFA-495F-8A17-F07A936E23F2}.Debug|Any CPU.Build.0 = Debug|Any CPU
		{FECD625E-9CFA-495F-8A17-F07A936E23F2}.Debug|x64.ActiveCfg = Debug|Any CPU
		{FECD625E-9CFA-495F-8A17-F07A936E23F2}.Debug|x64.Build.0 = Debug|Any CPU
		{FECD625E-9CFA-495F-8A17-F07A936E23F2}.Debug|x86.ActiveCfg = Debug|Any CPU
		{FECD625E-9CFA-495F-8A17-F07A936E23F2}.Debug|x86.Build.0 = Debug|Any CPU
		{FECD625E-9CFA-495F-8A17-F07A936E23F2}.Release|Any CPU.ActiveCfg = Release|Any CPU
		{FECD625E-9CFA-495F-8A17-F07A936E23F2}.Release|Any CPU.Build.0 = Release|Any CPU
		{FECD625E-9CFA-495F-8A17-F07A936E23F2}.Release|x64.ActiveCfg = Release|Any CPU
		{FECD625E-9CFA-495F-8A17-F07A936E23F2}.Release|x64.Build.0 = Release|Any CPU
		{FECD625E-9CFA-495F-8A17-F07A936E23F2}.Release|x86.ActiveCfg = Release|Any CPU
		{FECD625E-9CFA-495F-8A17-F07A936E23F2}.Release|x86.Build.0 = Release|Any CPU
		{11519195-5433-4DA8-AA91-0F4AB3C899C8}.Debug|Any CPU.ActiveCfg = Debug|Any CPU
		{11519195-5433-4DA8-AA91-0F4AB3C899C8}.Debug|Any CPU.Build.0 = Debug|Any CPU
		{11519195-5433-4DA8-AA91-0F4AB3C899C8}.Debug|x64.ActiveCfg = Debug|Any CPU
		{11519195-5433-4DA8-AA91-0F4AB3C899C8}.Debug|x64.Build.0 = Debug|Any CPU
		{11519195-5433-4DA8-AA91-0F4AB3C899C8}.Debug|x86.ActiveCfg = Debug|Any CPU
		{11519195-5433-4DA8-AA91-0F4AB3C899C8}.Debug|x86.Build.0 = Debug|Any CPU
		{11519195-5433-4DA8-AA91-0F4AB3C899C8}.Release|Any CPU.ActiveCfg = Release|Any CPU
		{11519195-5433-4DA8-AA91-0F4AB3C899C8}.Release|Any CPU.Build.0 = Release|Any CPU
		{11519195-5433-4DA8-AA91-0F4AB3C899C8}.Release|x64.ActiveCfg = Release|Any CPU
		{11519195-5433-4DA8-AA91-0F4AB3C899C8}.Release|x64.Build.0 = Release|Any CPU
		{11519195-5433-4DA8-AA91-0F4AB3C899C8}.Release|x86.ActiveCfg = Release|Any CPU
		{11519195-5433-4DA8-AA91-0F4AB3C899C8}.Release|x86.Build.0 = Release|Any CPU
		{817F2BEA-B7BC-45CC-BB6F-823C2FFE08AB}.Debug|Any CPU.ActiveCfg = Debug|Any CPU
		{817F2BEA-B7BC-45CC-BB6F-823C2FFE08AB}.Debug|Any CPU.Build.0 = Debug|Any CPU
		{817F2BEA-B7BC-45CC-BB6F-823C2FFE08AB}.Debug|x64.ActiveCfg = Debug|Any CPU
		{817F2BEA-B7BC-45CC-BB6F-823C2FFE08AB}.Debug|x64.Build.0 = Debug|Any CPU
		{817F2BEA-B7BC-45CC-BB6F-823C2FFE08AB}.Debug|x86.ActiveCfg = Debug|Any CPU
		{817F2BEA-B7BC-45CC-BB6F-823C2FFE08AB}.Debug|x86.Build.0 = Debug|Any CPU
		{817F2BEA-B7BC-45CC-BB6F-823C2FFE08AB}.Release|Any CPU.ActiveCfg = Release|Any CPU
		{817F2BEA-B7BC-45CC-BB6F-823C2FFE08AB}.Release|Any CPU.Build.0 = Release|Any CPU
		{817F2BEA-B7BC-45CC-BB6F-823C2FFE08AB}.Release|x64.ActiveCfg = Release|Any CPU
		{817F2BEA-B7BC-45CC-BB6F-823C2FFE08AB}.Release|x64.Build.0 = Release|Any CPU
		{817F2BEA-B7BC-45CC-BB6F-823C2FFE08AB}.Release|x86.ActiveCfg = Release|Any CPU
		{817F2BEA-B7BC-45CC-BB6F-823C2FFE08AB}.Release|x86.Build.0 = Release|Any CPU
		{648C6789-43AA-40C8-8195-6CD97C32DBCA}.Debug|Any CPU.ActiveCfg = Debug|Any CPU
		{648C6789-43AA-40C8-8195-6CD97C32DBCA}.Debug|Any CPU.Build.0 = Debug|Any CPU
		{648C6789-43AA-40C8-8195-6CD97C32DBCA}.Debug|x64.ActiveCfg = Debug|Any CPU
		{648C6789-43AA-40C8-8195-6CD97C32DBCA}.Debug|x64.Build.0 = Debug|Any CPU
		{648C6789-43AA-40C8-8195-6CD97C32DBCA}.Debug|x86.ActiveCfg = Debug|Any CPU
		{648C6789-43AA-40C8-8195-6CD97C32DBCA}.Debug|x86.Build.0 = Debug|Any CPU
		{648C6789-43AA-40C8-8195-6CD97C32DBCA}.Release|Any CPU.ActiveCfg = Release|Any CPU
		{648C6789-43AA-40C8-8195-6CD97C32DBCA}.Release|Any CPU.Build.0 = Release|Any CPU
		{648C6789-43AA-40C8-8195-6CD97C32DBCA}.Release|x64.ActiveCfg = Release|Any CPU
		{648C6789-43AA-40C8-8195-6CD97C32DBCA}.Release|x64.Build.0 = Release|Any CPU
		{648C6789-43AA-40C8-8195-6CD97C32DBCA}.Release|x86.ActiveCfg = Release|Any CPU
		{648C6789-43AA-40C8-8195-6CD97C32DBCA}.Release|x86.Build.0 = Release|Any CPU
	EndGlobalSection
	GlobalSection(SolutionProperties) = preSolution
		HideSolutionNode = FALSE
	EndGlobalSection
	GlobalSection(NestedProjects) = preSolution
		{D1A3D78B-7C53-46D6-9079-20FF94A9B15D} = {79DB703C-3E2A-447A-9496-90727697A181}
		{35F1C59E-03F3-49DA-ACDB-71AEB8AB4F6D} = {2AADFD5D-87B6-4200-AEF4-7142BC0E1504}
		{5D590FDA-A5D7-471E-94BB-308FE5DFE843} = {8E201F49-5943-4BB9-BC0E-DF3A4F03C7C8}
		{D930B2DF-3E32-48EE-BC64-C92366E63786} = {2AADFD5D-87B6-4200-AEF4-7142BC0E1504}
		{B8E24E39-5C05-42FD-8151-1936CCA54136} = {377B4E04-F0F9-455F-9179-8DEE793D0ABC}
		{9D8B23F3-BE64-4ECA-A05B-0C7E683D5B5C} = {8E201F49-5943-4BB9-BC0E-DF3A4F03C7C8}
		{33192D43-D3A5-4B4E-43AE-DADFBF767058} = {B760A6BF-8AAD-41F7-A70D-92E4961EB075}
		{DECCD958-3837-AAA6-2D21-EB16C1A71DF8} = {B760A6BF-8AAD-41F7-A70D-92E4961EB075}
		{B2DD3BF1-8FFC-408E-9C50-6B88090184FE} = {2AADFD5D-87B6-4200-AEF4-7142BC0E1504}
		{EAD50277-D001-F583-45E2-8A69E9563A6D} = {A29E9767-1F8B-4C07-8555-8223A7A53093}
		{F0CFFE76-A1C4-4642-8591-37D4FEBDC357} = {8E201F49-5943-4BB9-BC0E-DF3A4F03C7C8}
		{FECD625E-9CFA-495F-8A17-F07A936E23F2} = {A29E9767-1F8B-4C07-8555-8223A7A53093}
	EndGlobalSection
	GlobalSection(ExtensibilityGlobals) = postSolution
		SolutionGuid = {E1E0A91D-ED8E-4E6D-BA55-4490B60BAF5D}
	EndGlobalSection
EndGlobal
