
Microsoft Visual Studio Solution File, Format Version 12.00
# Visual Studio Version 17
VisualStudioVersion = 17.4.33122.133
MinimumVisualStudioVersion = 10.0.40219.1
Project("{FAE04EC0-301F-11D3-BF4B-00C04F79EFBC}") = "SMDataManager", "SMDataManager\SMDataManager.csproj", "{D5D5DBF8-E481-4045-B4DA-616D8E17A346}"
EndProject
Project("{00D1A9C2-B5F0-4AF3-8072-F6C62B433612}") = "SMDatabase", "SMDatabase\SMDatabase.sqlproj", "{D1A3D78B-7C53-46D6-9079-20FF94A9B15D}"
EndProject
Project("{FAE04EC0-301F-11D3-BF4B-00C04F79EFBC}") = "SMDesktopUI", "SMDesktopUI\SMDesktopUI.csproj", "{35F1C59E-03F3-49DA-ACDB-71AEB8AB4F6D}"
EndProject
Project("{9A19103F-16F7-4668-BE54-9A1E7A4F7556}") = "SMDataManager.Library", "SMDataManager.Library\SMDataManager.Library.csproj", "{5D590FDA-A5D7-471E-94BB-308FE5DFE843}"
EndProject
Project("{9A19103F-16F7-4668-BE54-9A1E7A4F7556}") = "SMDesktopUI.Library", "SMDesktopUI.Library\SMDesktopUI.Library.csproj", "{D930B2DF-3E32-48EE-BC64-C92366E63786}"
EndProject
Project("{2150E333-8FDC-42A3-9474-1A3956D46DE8}") = "Database", "Database", "{79DB703C-3E2A-447A-9496-90727697A181}"
EndProject
Project("{2150E333-8FDC-42A3-9474-1A3956D46DE8}") = "API", "API", "{8E201F49-5943-4BB9-BC0E-DF3A4F03C7C8}"
EndProject
Project("{2150E333-8FDC-42A3-9474-1A3956D46DE8}") = "WPF UI", "WPF UI", "{2AADFD5D-87B6-4200-AEF4-7142BC0E1504}"
EndProject
Project("{FAE04EC0-301F-11D3-BF4B-00C04F79EFBC}") = "SMApi", "SMApi\SMApi.csproj", "{615A5695-6BD6-4657-B011-C4B9BB47BDF0}"
EndProject
Global
	GlobalSection(SolutionConfigurationPlatforms) = preSolution
		Debug|Any CPU = Debug|Any CPU
		Release|Any CPU = Release|Any CPU
	EndGlobalSection
	GlobalSection(ProjectConfigurationPlatforms) = postSolution
		{D5D5DBF8-E481-4045-B4DA-616D8E17A346}.Debug|Any CPU.ActiveCfg = Debug|Any CPU
		{D5D5DBF8-E481-4045-B4DA-616D8E17A346}.Debug|Any CPU.Build.0 = Debug|Any CPU
		{D5D5DBF8-E481-4045-B4DA-616D8E17A346}.Release|Any CPU.ActiveCfg = Release|Any CPU
		{D5D5DBF8-E481-4045-B4DA-616D8E17A346}.Release|Any CPU.Build.0 = Release|Any CPU
		{D1A3D78B-7C53-46D6-9079-20FF94A9B15D}.Debug|Any CPU.ActiveCfg = Debug|Any CPU
		{D1A3D78B-7C53-46D6-9079-20FF94A9B15D}.Debug|Any CPU.Build.0 = Debug|Any CPU
		{D1A3D78B-7C53-46D6-9079-20FF94A9B15D}.Debug|Any CPU.Deploy.0 = Debug|Any CPU
		{D1A3D78B-7C53-46D6-9079-20FF94A9B15D}.Release|Any CPU.ActiveCfg = Release|Any CPU
		{D1A3D78B-7C53-46D6-9079-20FF94A9B15D}.Release|Any CPU.Build.0 = Release|Any CPU
		{D1A3D78B-7C53-46D6-9079-20FF94A9B15D}.Release|Any CPU.Deploy.0 = Release|Any CPU
		{35F1C59E-03F3-49DA-ACDB-71AEB8AB4F6D}.Debug|Any CPU.ActiveCfg = Debug|Any CPU
		{35F1C59E-03F3-49DA-ACDB-71AEB8AB4F6D}.Debug|Any CPU.Build.0 = Debug|Any CPU
		{35F1C59E-03F3-49DA-ACDB-71AEB8AB4F6D}.Release|Any CPU.ActiveCfg = Release|Any CPU
		{35F1C59E-03F3-49DA-ACDB-71AEB8AB4F6D}.Release|Any CPU.Build.0 = Release|Any CPU
		{5D590FDA-A5D7-471E-94BB-308FE5DFE843}.Debug|Any CPU.ActiveCfg = Debug|Any CPU
		{5D590FDA-A5D7-471E-94BB-308FE5DFE843}.Debug|Any CPU.Build.0 = Debug|Any CPU
		{5D590FDA-A5D7-471E-94BB-308FE5DFE843}.Release|Any CPU.ActiveCfg = Release|Any CPU
		{5D590FDA-A5D7-471E-94BB-308FE5DFE843}.Release|Any CPU.Build.0 = Release|Any CPU
		{D930B2DF-3E32-48EE-BC64-C92366E63786}.Debug|Any CPU.ActiveCfg = Debug|Any CPU
		{D930B2DF-3E32-48EE-BC64-C92366E63786}.Debug|Any CPU.Build.0 = Debug|Any CPU
		{D930B2DF-3E32-48EE-BC64-C92366E63786}.Release|Any CPU.ActiveCfg = Release|Any CPU
		{D930B2DF-3E32-48EE-BC64-C92366E63786}.Release|Any CPU.Build.0 = Release|Any CPU
		{615A5695-6BD6-4657-B011-C4B9BB47BDF0}.Debug|Any CPU.ActiveCfg = Debug|Any CPU
		{615A5695-6BD6-4657-B011-C4B9BB47BDF0}.Debug|Any CPU.Build.0 = Debug|Any CPU
		{615A5695-6BD6-4657-B011-C4B9BB47BDF0}.Release|Any CPU.ActiveCfg = Release|Any CPU
		{615A5695-6BD6-4657-B011-C4B9BB47BDF0}.Release|Any CPU.Build.0 = Release|Any CPU
	EndGlobalSection
	GlobalSection(SolutionProperties) = preSolution
		HideSolutionNode = FALSE
	EndGlobalSection
	GlobalSection(NestedProjects) = preSolution
		{D5D5DBF8-E481-4045-B4DA-616D8E17A346} = {8E201F49-5943-4BB9-BC0E-DF3A4F03C7C8}
		{D1A3D78B-7C53-46D6-9079-20FF94A9B15D} = {79DB703C-3E2A-447A-9496-90727697A181}
		{35F1C59E-03F3-49DA-ACDB-71AEB8AB4F6D} = {2AADFD5D-87B6-4200-AEF4-7142BC0E1504}
		{5D590FDA-A5D7-471E-94BB-308FE5DFE843} = {8E201F49-5943-4BB9-BC0E-DF3A4F03C7C8}
		{D930B2DF-3E32-48EE-BC64-C92366E63786} = {2AADFD5D-87B6-4200-AEF4-7142BC0E1504}
		{615A5695-6BD6-4657-B011-C4B9BB47BDF0} = {8E201F49-5943-4BB9-BC0E-DF3A4F03C7C8}
	EndGlobalSection
	GlobalSection(ExtensibilityGlobals) = postSolution
		SolutionGuid = {E1E0A91D-ED8E-4E6D-BA55-4490B60BAF5D}
	EndGlobalSection
EndGlobal
